name: Generate Cargo.lock

on:
  workflow_dispatch:

permissions:
  contents: write

jobs:
  generate-lock:
    runs-on: ubuntu-latest
    steps:
      - name: Checkout code
        uses: actions/checkout@v4

      - name: Set up Rust toolchain
        uses: dtolnay/rust-toolchain@stable

      - name: Generate Cargo.lock
        run: cargo generate-lockfile

      - name: Commit and push Cargo.lock
        run: |
          git config user.name "github-actions[bot]"
          git config user.email "github-actions[bot]@users.noreply.github.com"
          git add Cargo.lock
          git commit -m "Add Cargo.lock for reproducible builds" || echo "No changes to commit"
          git push
